
Microsoft Visual Studio Solution File, Format Version 12.00
# Visual Studio Version 17
VisualStudioVersion = 17.5.33530.505
MinimumVisualStudioVersion = 10.0.40219.1
Project("{FAE04EC0-301F-11D3-BF4B-00C04F79EFBC}") = "HasDataGenerator", "HasDataGenerator\HasDataGenerator.csproj", "{ECCFEB8F-3D99-4449-88A0-B2DB531DF064}"
EndProject
Global
	GlobalSection(SolutionConfigurationPlatforms) = preSolution
		Debug|Any CPU = Debug|Any CPU
		Release|Any CPU = Release|Any CPU
	EndGlobalSection
	GlobalSection(ProjectConfigurationPlatforms) = postSolution
		{ECCFEB8F-3D99-4449-88A0-B2DB531DF064}.Debug|Any CPU.ActiveCfg = Debug|Any CPU
		{ECCFEB8F-3D99-4449-88A0-B2DB531DF064}.Debug|Any CPU.Build.0 = Debug|Any CPU
		{ECCFEB8F-3D99-4449-88A0-B2DB531DF064}.Release|Any CPU.ActiveCfg = Release|Any CPU
		{ECCFEB8F-3D99-4449-88A0-B2DB531DF064}.Release|Any CPU.Build.0 = Release|Any CPU
	EndGlobalSection
	GlobalSection(SolutionProperties) = preSolution
		HideSolutionNode = FALSE
	EndGlobalSection
	GlobalSection(ExtensibilityGlobals) = postSolution
		SolutionGuid = {6F21FB6E-3DB1-4C88-916A-8345065B1235}
	EndGlobalSection
EndGlobal
